
Microsoft Visual Studio Solution File, Format Version 12.00
# Visual Studio 2013
VisualStudioVersion = 12.0.31101.0
MinimumVisualStudioVersion = 10.0.40219.1
Project("{FAE04EC0-301F-11D3-BF4B-00C04F79EFBC}") = "ProdMan__Main", "ProdMan\ProdMan__Main.csproj", "{34D8E9C4-7E6F-4EFC-B226-BB95264A8C20}"
EndProject
Project("{FAE04EC0-301F-11D3-BF4B-00C04F79EFBC}") = "ProdMan_Models", "ProdMan_Models\ProdMan_Models.csproj", "{8DBD4111-CD23-447B-9DB5-E78D05B5B5B1}"
EndProject
Project("{2150E333-8FDC-42A3-9474-1A3956D46DE8}") = "Local files", "Local files", "{22598F74-DEEB-44E8-BF14-36C73218A77A}"
	ProjectSection(SolutionItems) = preProject
		Info.txt = Info.txt
	EndProjectSection
EndProject
Global
	GlobalSection(SolutionConfigurationPlatforms) = preSolution
		Debug|Any CPU = Debug|Any CPU
		Release|Any CPU = Release|Any CPU
	EndGlobalSection
	GlobalSection(ProjectConfigurationPlatforms) = postSolution
		{34D8E9C4-7E6F-4EFC-B226-BB95264A8C20}.Debug|Any CPU.ActiveCfg = Debug|Any CPU
		{34D8E9C4-7E6F-4EFC-B226-BB95264A8C20}.Debug|Any CPU.Build.0 = Debug|Any CPU
		{34D8E9C4-7E6F-4EFC-B226-BB95264A8C20}.Release|Any CPU.ActiveCfg = Release|Any CPU
		{34D8E9C4-7E6F-4EFC-B226-BB95264A8C20}.Release|Any CPU.Build.0 = Release|Any CPU
		{8DBD4111-CD23-447B-9DB5-E78D05B5B5B1}.Debug|Any CPU.ActiveCfg = Debug|Any CPU
		{8DBD4111-CD23-447B-9DB5-E78D05B5B5B1}.Debug|Any CPU.Build.0 = Debug|Any CPU
		{8DBD4111-CD23-447B-9DB5-E78D05B5B5B1}.Release|Any CPU.ActiveCfg = Release|Any CPU
		{8DBD4111-CD23-447B-9DB5-E78D05B5B5B1}.Release|Any CPU.Build.0 = Release|Any CPU
	EndGlobalSection
	GlobalSection(SolutionProperties) = preSolution
		HideSolutionNode = FALSE
	EndGlobalSection
EndGlobal
